// !$*UTF8*$!
{
	archiveVersion = 1;
	classes = {
	};
	objectVersion = 46;
	objects = {

/* Begin PBXBuildFile section */
		30E7C0251E5AB6CC001B0496 /* lc3bsim3.c in Sources */ = {isa = PBXBuildFile; fileRef = 30E7C0241E5AB6CC001B0496 /* lc3bsim3.c */; };
/* End PBXBuildFile section */

/* Begin PBXCopyFilesBuildPhase section */
		30E7C01F1E5AB6CC001B0496 /* CopyFiles */ = {
			isa = PBXCopyFilesBuildPhase;
			buildActionMask = 2147483647;
			dstPath = /usr/share/man/man1/;
			dstSubfolderSpec = 0;
			files = (
			);
			runOnlyForDeploymentPostprocessing = 1;
		};
/* End PBXCopyFilesBuildPhase section */

/* Begin PBXFileReference section */
		3001D7071E99D61F00AAF06E /* tests.txt */ = {isa = PBXFileReference; fileEncoding = 4; lastKnownFileType = text; path = tests.txt; sourceTree = SOURCE_ROOT; };
		3001D70A1E9A0EDA00AAF06E /* tests */ = {isa = PBXFileReference; lastKnownFileType = folder; path = tests; sourceTree = "<group>"; };
		300C77801E9B685C00548D0F /* add3.hex */ = {isa = PBXFileReference; fileEncoding = 4; lastKnownFileType = text; path = add3.hex; sourceTree = "<group>"; };
		307707E21E7F37DF006809B2 /* isaprogram.s */ = {isa = PBXFileReference; lastKnownFileType = sourcecode.asm; path = isaprogram.s; sourceTree = "<group>"; };
		30DAD8891E99C5EF0030D87B /* ucode3 */ = {isa = PBXFileReference; fileEncoding = 4; lastKnownFileType = text; path = ucode3; sourceTree = "<group>"; };
		30E7C0211E5AB6CC001B0496 /* lab3 */ = {isa = PBXFileReference; explicitFileType = "compiled.mach-o.executable"; includeInIndex = 0; path = lab3; sourceTree = BUILT_PRODUCTS_DIR; };
		30E7C0241E5AB6CC001B0496 /* lc3bsim3.c */ = {isa = PBXFileReference; lastKnownFileType = sourcecode.c.c; path = lc3bsim3.c; sourceTree = "<group>"; };
/* End PBXFileReference section */

/* Begin PBXFrameworksBuildPhase section */
		30E7C01E1E5AB6CC001B0496 /* Frameworks */ = {
			isa = PBXFrameworksBuildPhase;
			buildActionMask = 2147483647;
			files = (
			);
			runOnlyForDeploymentPostprocessing = 0;
		};
/* End PBXFrameworksBuildPhase section */

/* Begin PBXGroup section */
		30E7C0181E5AB6CC001B0496 = {
			isa = PBXGroup;
			children = (
				30E7C0231E5AB6CC001B0496 /* lab3 */,
				30E7C0221E5AB6CC001B0496 /* Products */,
			);
			sourceTree = "<group>";
		};
		30E7C0221E5AB6CC001B0496 /* Products */ = {
			isa = PBXGroup;
			children = (
				30E7C0211E5AB6CC001B0496 /* lab3 */,
			);
			name = Products;
			sourceTree = "<group>";
		};
		30E7C0231E5AB6CC001B0496 /* lab3 */ = {
			isa = PBXGroup;
			children = (
				300C77801E9B685C00548D0F /* add3.hex */,
				3001D70A1E9A0EDA00AAF06E /* tests */,
				3001D7071E99D61F00AAF06E /* tests.txt */,
				30DAD8891E99C5EF0030D87B /* ucode3 */,
				30E7C0241E5AB6CC001B0496 /* lc3bsim3.c */,
				307707E21E7F37DF006809B2 /* isaprogram.s */,
			);
			path = lab3;
			sourceTree = "<group>";
		};
/* End PBXGroup section */

/* Begin PBXNativeTarget section */
		30E7C0201E5AB6CC001B0496 /* lab3 */ = {
			isa = PBXNativeTarget;
			buildConfigurationList = 30E7C0281E5AB6CC001B0496 /* Build configuration list for PBXNativeTarget "lab3" */;
			buildPhases = (
				30E7C01D1E5AB6CC001B0496 /* Sources */,
				30E7C01E1E5AB6CC001B0496 /* Frameworks */,
				30E7C01F1E5AB6CC001B0496 /* CopyFiles */,
			);
			buildRules = (
			);
			dependencies = (
			);
			name = lab3;
			productName = lab3;
			productReference = 30E7C0211E5AB6CC001B0496 /* lab3 */;
			productType = "com.apple.product-type.tool";
		};
/* End PBXNativeTarget section */

/* Begin PBXProject section */
		30E7C0191E5AB6CC001B0496 /* Project object */ = {
			isa = PBXProject;
			attributes = {
				LastUpgradeCheck = 0820;
				ORGANIZATIONNAME = "Nolan Corcoran";
				TargetAttributes = {
					30E7C0201E5AB6CC001B0496 = {
						CreatedOnToolsVersion = 8.2.1;
						ProvisioningStyle = Automatic;
					};
				};
			};
			buildConfigurationList = 30E7C01C1E5AB6CC001B0496 /* Build configuration list for PBXProject "lab3" */;
			compatibilityVersion = "Xcode 3.2";
			developmentRegion = English;
			hasScannedForEncodings = 0;
			knownRegions = (
				en,
			);
			mainGroup = 30E7C0181E5AB6CC001B0496;
			productRefGroup = 30E7C0221E5AB6CC001B0496 /* Products */;
			projectDirPath = "";
			projectRoot = "";
			targets = (
				30E7C0201E5AB6CC001B0496 /* lab3 */,
			);
		};
/* End PBXProject section */

/* Begin PBXSourcesBuildPhase section */
		30E7C01D1E5AB6CC001B0496 /* Sources */ = {
			isa = PBXSourcesBuildPhase;
			buildActionMask = 2147483647;
			files = (
				30E7C0251E5AB6CC001B0496 /* lc3bsim3.c in Sources */,
			);
			runOnlyForDeploymentPostprocessing = 0;
		};
/* End PBXSourcesBuildPhase section */

/* Begin XCBuildConfiguration section */
		30E7C0261E5AB6CC001B0496 /* Debug */ = {
			isa = XCBuildConfiguration;
			buildSettings = {
				ALWAYS_SEARCH_USER_PATHS = NO;
				CLANG_ANALYZER_NONNULL = YES;
				CLANG_CXX_LANGUAGE_STANDARD = "gnu++0x";
				CLANG_CXX_LIBRARY = "libc++";
				CLANG_ENABLE_MODULES = YES;
				CLANG_ENABLE_OBJC_ARC = YES;
				CLANG_WARN_BOOL_CONVERSION = YES;
				CLANG_WARN_CONSTANT_CONVERSION = YES;
				CLANG_WARN_DIRECT_OBJC_ISA_USAGE = YES_ERROR;
				CLANG_WARN_DOCUMENTATION_COMMENTS = YES;
				CLANG_WARN_EMPTY_BODY = YES;
				CLANG_WARN_ENUM_CONVERSION = YES;
				CLANG_WARN_INFINITE_RECURSION = YES;
				CLANG_WARN_INT_CONVERSION = YES;
				CLANG_WARN_OBJC_ROOT_CLASS = YES_ERROR;
				CLANG_WARN_SUSPICIOUS_MOVE = YES;
				CLANG_WARN_UNREACHABLE_CODE = YES;
				CLANG_WARN__DUPLICATE_METHOD_MATCH = YES;
				CODE_SIGN_IDENTITY = "-";
				COPY_PHASE_STRIP = NO;
				DEBUG_INFORMATION_FORMAT = dwarf;
				ENABLE_STRICT_OBJC_MSGSEND = YES;
				ENABLE_TESTABILITY = YES;
				GCC_C_LANGUAGE_STANDARD = gnu99;
				GCC_DYNAMIC_NO_PIC = NO;
				GCC_NO_COMMON_BLOCKS = YES;
				GCC_OPTIMIZATION_LEVEL = 0;
				GCC_PREPROCESSOR_DEFINITIONS = (
					"DEBUG=1",
					"$(inherited)",
				);
				GCC_WARN_64_TO_32_BIT_CONVERSION = YES;
				GCC_WARN_ABOUT_RETURN_TYPE = YES_ERROR;
				GCC_WARN_UNDECLARED_SELECTOR = YES;
				GCC_WARN_UNINITIALIZED_AUTOS = YES_AGGRESSIVE;
				GCC_WARN_UNUSED_FUNCTION = YES;
				GCC_WARN_UNUSED_VARIABLE = YES;
				MACOSX_DEPLOYMENT_TARGET = 10.12;
				MTL_ENABLE_DEBUG_INFO = YES;
				ONLY_ACTIVE_ARCH = YES;
				SDKROOT = macosx;
			};
			name = Debug;
		};
		30E7C0271E5AB6CC001B0496 /* Release */ = {
			isa = XCBuildConfiguration;
			buildSettings = {
				ALWAYS_SEARCH_USER_PATHS = NO;
				CLANG_ANALYZER_NONNULL = YES;
				CLANG_CXX_LANGUAGE_STANDARD = "gnu++0x";
				CLANG_CXX_LIBRARY = "libc++";
				CLANG_ENABLE_MODULES = YES;
				CLANG_ENABLE_OBJC_ARC = YES;
				CLANG_WARN_BOOL_CONVERSION = YES;
				CLANG_WARN_CONSTANT_CONVERSION = YES;
				CLANG_WARN_DIRECT_OBJC_ISA_USAGE = YES_ERROR;
				CLANG_WARN_DOCUMENTATION_COMMENTS = YES;
				CLANG_WARN_EMPTY_BODY = YES;
				CLANG_WARN_ENUM_CONVERSION = YES;
				CLANG_WARN_INFINITE_RECURSION = YES;
				CLANG_WARN_INT_CONVERSION = YES;
				CLANG_WARN_OBJC_ROOT_CLASS = YES_ERROR;
				CLANG_WARN_SUSPICIOUS_MOVE = YES;
				CLANG_WARN_UNREACHABLE_CODE = YES;
				CLANG_WARN__DUPLICATE_METHOD_MATCH = YES;
				CODE_SIGN_IDENTITY = "-";
				COPY_PHASE_STRIP = NO;
				DEBUG_INFORMATION_FORMAT = "dwarf-with-dsym";
				ENABLE_NS_ASSERTIONS = NO;
				ENABLE_STRICT_OBJC_MSGSEND = YES;
				GCC_C_LANGUAGE_STANDARD = gnu99;
				GCC_NO_COMMON_BLOCKS = YES;
				GCC_WARN_64_TO_32_BIT_CONVERSION = YES;
				GCC_WARN_ABOUT_RETURN_TYPE = YES_ERROR;
				GCC_WARN_UNDECLARED_SELECTOR = YES;
				GCC_WARN_UNINITIALIZED_AUTOS = YES_AGGRESSIVE;
				GCC_WARN_UNUSED_FUNCTION = YES;
				GCC_WARN_UNUSED_VARIABLE = YES;
				MACOSX_DEPLOYMENT_TARGET = 10.12;
				MTL_ENABLE_DEBUG_INFO = NO;
				SDKROOT = macosx;
			};
			name = Release;
		};
		30E7C0291E5AB6CC001B0496 /* Debug */ = {
			isa = XCBuildConfiguration;
			buildSettings = {
				PRODUCT_NAME = "$(TARGET_NAME)";
			};
			name = Debug;
		};
		30E7C02A1E5AB6CC001B0496 /* Release */ = {
			isa = XCBuildConfiguration;
			buildSettings = {
				PRODUCT_NAME = "$(TARGET_NAME)";
			};
			name = Release;
		};
/* End XCBuildConfiguration section */

/* Begin XCConfigurationList section */
		30E7C01C1E5AB6CC001B0496 /* Build configuration list for PBXProject "lab3" */ = {
			isa = XCConfigurationList;
			buildConfigurations = (
				30E7C0261E5AB6CC001B0496 /* Debug */,
				30E7C0271E5AB6CC001B0496 /* Release */,
			);
			defaultConfigurationIsVisible = 0;
			defaultConfigurationName = Release;
		};
		30E7C0281E5AB6CC001B0496 /* Build configuration list for PBXNativeTarget "lab3" */ = {
			isa = XCConfigurationList;
			buildConfigurations = (
				30E7C0291E5AB6CC001B0496 /* Debug */,
				30E7C02A1E5AB6CC001B0496 /* Release */,
			);
			defaultConfigurationIsVisible = 0;
			defaultConfigurationName = Release;
		};
/* End XCConfigurationList section */
	};
	rootObject = 30E7C0191E5AB6CC001B0496 /* Project object */;
}
